github.com/veerakumarak/go-workerpool v0.1.0 h1:C9MkhoW0DO29hcXBNpyUH6z2eSQX8H96OnOIuwaT8RQ=
github.com/veerakumarak/go-workerpool v0.1.0/go.mod h1://+pMuRN7573h/8mAuOk6cHn9s/VSytoUQADgGfZRbQ=
github.com/veerakumarak/go-workerpool v0.1.1 h1:uhQveQhbTdD6nYwGBc8v8Ibd5lCEcxjmMpXWzqgCh14=
github.com/veerakumarak/go-workerpool v0.1.1/go.mod h1://+pMuRN7573h/8mAuOk6cHn9s/VSytoUQADgGfZRbQ=
